{
  "version": 4,
  "terraform_version": "1.2.4",
  "serial": 9,
  "lineage": "9505fa07-1049-f26c-f878-0d6d3bd028eb",
  "outputs": {},
  "resources": [
    {
      "mode": "managed",
      "type": "mongodbatlas_database_user",
      "name": "this",
      "provider": "provider[\"registry.terraform.io/mongodb/mongodbatlas\"]",
      "instances": [
        {
          "schema_version": 0,
          "attributes": {
            "auth_database_name": "admin",
            "aws_iam_type": "NONE",
            "database_name": null,
            "id": "YXV0aF9kYXRhYmFzZV9uYW1l:YWRtaW4=-cHJvamVjdF9pZA==:NjUwNTFhODQ3NjA2MDQ1NTMyNDlhY2Iz-dXNlcm5hbWU=:c2hpbGFzaA==",
            "labels": [],
            "ldap_auth_type": "NONE",
            "oidc_auth_type": "NONE",
            "password": "shilu1234",
            "project_id": "65051a84760604553249acb3",
            "roles": [
              {
                "collection_name": "",
                "database_name": "ris_data_collection",
                "role_name": "readWrite"
              }
            ],
            "scopes": [],
            "username": "shilash",
            "x509_type": "NONE"
          },
          "sensitive_attributes": [],
          "private": "bnVsbA==",
          "dependencies": [
            "mongodbatlas_project.this"
          ]
        }
      ]
    },
    {
      "mode": "managed",
      "type": "mongodbatlas_project",
      "name": "this",
      "provider": "provider[\"registry.terraform.io/mongodb/mongodbatlas\"]",
      "instances": [
        {
          "schema_version": 0,
          "attributes": {
            "api_keys": [
              {
                "api_key_id": "650501911402ce0797c040af",
                "role_names": [
                  "GROUP_OWNER"
                ]
              }
            ],
            "cluster_count": 0,
            "created": "2023-09-16T03:01:26Z",
            "id": "65051a84760604553249acb3",
            "is_collect_database_specifics_statistics_enabled": true,
            "is_data_explorer_enabled": true,
            "is_extended_storage_sizes_enabled": false,
            "is_performance_advisor_enabled": true,
            "is_realtime_performance_panel_enabled": true,
            "is_schema_advisor_enabled": true,
            "limits": [],
            "name": "reverse_image_search",
            "org_id": "6504fda81402ce0797bfe477",
            "project_owner_id": null,
            "region_usage_restrictions": null,
            "teams": [],
            "with_default_alerts_settings": true
          },
          "sensitive_attributes": [],
          "private": "bnVsbA=="
        }
      ]
    }
  ]
}
