{
  "version": 4,
  "terraform_version": "1.2.4",
  "serial": 13,
  "lineage": "9505fa07-1049-f26c-f878-0d6d3bd028eb",
  "outputs": {},
  "resources": [
    {
      "mode": "managed",
      "type": "mongodbatlas_advanced_cluster",
      "name": "this",
      "provider": "provider[\"registry.terraform.io/mongodb/mongodbatlas\"]",
      "instances": [
        {
          "schema_version": 1,
          "attributes": {
            "advanced_configuration": [
              {
                "default_read_concern": "",
                "default_write_concern": "",
                "fail_index_key_too_long": false,
                "javascript_enabled": true,
                "minimum_enabled_tls_protocol": "TLS1_2",
                "no_table_scan": false,
                "oplog_min_retention_hours": 0,
                "oplog_size_mb": 0,
                "sample_refresh_interval_bi_connector": 0,
                "sample_size_bi_connector": 0,
                "transaction_lifetime_limit_seconds": 0
              }
            ],
            "backup_enabled": false,
            "bi_connector": [
              {
                "enabled": false,
                "read_preference": "secondary"
              }
            ],
            "bi_connector_config": [
              {
                "enabled": false,
                "read_preference": "secondary"
              }
            ],
            "cluster_id": "65051ac8ab77c00309f97dbe",
            "cluster_type": "REPLICASET",
            "connection_strings": [
              {
                "aws_private_link": {},
                "aws_private_link_srv": {},
                "private": "",
                "private_endpoint": [],
                "private_srv": "",
                "standard": "mongodb://ac-uriwuhu-shard-00-00.kyobhtc.mongodb.net:27017,ac-uriwuhu-shard-00-01.kyobhtc.mongodb.net:27017,ac-uriwuhu-shard-00-02.kyobhtc.mongodb.net:27017/?ssl=true\u0026authSource=admin\u0026replicaSet=atlas-9pk0hu-shard-0",
                "standard_srv": "mongodb+srv://cluster0.kyobhtc.mongodb.net"
              }
            ],
            "create_date": "2023-09-16T03:02:32Z",
            "disk_size_gb": 0.5,
            "encryption_at_rest_provider": "NONE",
            "id": "Y2x1c3Rlcl9pZA==:NjUwNTFhYzhhYjc3YzAwMzA5Zjk3ZGJl-Y2x1c3Rlcl9uYW1l:Y2x1c3RlcjA=-cHJvamVjdF9pZA==:NjUwNTFhODQ3NjA2MDQ1NTMyNDlhY2Iz",
            "labels": [],
            "mongo_db_major_version": "6.0",
            "mongo_db_version": "6.0.10",
            "name": "cluster0",
            "paused": false,
            "pit_enabled": false,
            "project_id": "65051a84760604553249acb3",
            "replication_specs": [
              {
                "container_id": {},
                "id": "65051ac8ab77c00309f97db3",
                "num_shards": 1,
                "region_configs": [
                  {
                    "analytics_auto_scaling": [],
                    "analytics_specs": [],
                    "auto_scaling": [],
                    "backing_provider_name": "AWS",
                    "electable_specs": [
                      {
                        "disk_iops": 0,
                        "ebs_volume_type": "",
                        "instance_size": "M0",
                        "node_count": 0
                      }
                    ],
                    "priority": 7,
                    "provider_name": "TENANT",
                    "read_only_specs": [],
                    "region_name": "US_EAST_1"
                  }
                ],
                "zone_name": "ZoneName managed by Terraform"
              }
            ],
            "retain_backups_enabled": null,
            "root_cert_type": "ISRGROOTX1",
            "state_name": "IDLE",
            "termination_protection_enabled": false,
            "timeouts": null,
            "version_release_system": "LTS"
          },
          "sensitive_attributes": [],
          "private": "eyJlMmJmYjczMC1lY2FhLTExZTYtOGY4OC0zNDM2M2JjN2M0YzAiOnsiY3JlYXRlIjoxMDgwMDAwMDAwMDAwMCwiZGVsZXRlIjoxMDgwMDAwMDAwMDAwMCwidXBkYXRlIjoxMDgwMDAwMDAwMDAwMH0sInNjaGVtYV92ZXJzaW9uIjoiMSJ9",
          "dependencies": [
            "mongodbatlas_project.this"
          ]
        }
      ]
    },
    {
      "mode": "managed",
      "type": "mongodbatlas_database_user",
      "name": "this",
      "provider": "provider[\"registry.terraform.io/mongodb/mongodbatlas\"]",
      "instances": [
        {
          "schema_version": 0,
          "attributes": {
            "auth_database_name": "admin",
            "aws_iam_type": "NONE",
            "database_name": null,
            "id": "YXV0aF9kYXRhYmFzZV9uYW1l:YWRtaW4=-cHJvamVjdF9pZA==:NjUwNTFhODQ3NjA2MDQ1NTMyNDlhY2Iz-dXNlcm5hbWU=:c2hpbGFzaA==",
            "labels": [],
            "ldap_auth_type": "NONE",
            "oidc_auth_type": "NONE",
            "password": "shilu1234",
            "project_id": "65051a84760604553249acb3",
            "roles": [
              {
                "collection_name": "",
                "database_name": "ris_data_collection",
                "role_name": "readWrite"
              }
            ],
            "scopes": [],
            "username": "shilash",
            "x509_type": "NONE"
          },
          "sensitive_attributes": [],
          "private": "bnVsbA==",
          "dependencies": [
            "mongodbatlas_project.this"
          ]
        }
      ]
    },
    {
      "mode": "managed",
      "type": "mongodbatlas_project",
      "name": "this",
      "provider": "provider[\"registry.terraform.io/mongodb/mongodbatlas\"]",
      "instances": [
        {
          "schema_version": 0,
          "attributes": {
            "api_keys": [
              {
                "api_key_id": "650501911402ce0797c040af",
                "role_names": [
                  "GROUP_OWNER"
                ]
              }
            ],
            "cluster_count": 1,
            "created": "2023-09-16T03:01:26Z",
            "id": "65051a84760604553249acb3",
            "is_collect_database_specifics_statistics_enabled": true,
            "is_data_explorer_enabled": true,
            "is_extended_storage_sizes_enabled": false,
            "is_performance_advisor_enabled": true,
            "is_realtime_performance_panel_enabled": true,
            "is_schema_advisor_enabled": true,
            "limits": [],
            "name": "reverse_image_search",
            "org_id": "6504fda81402ce0797bfe477",
            "project_owner_id": null,
            "region_usage_restrictions": null,
            "teams": [],
            "with_default_alerts_settings": true
          },
          "sensitive_attributes": [],
          "private": "bnVsbA=="
        }
      ]
    }
  ]
}
